
Microsoft Visual Studio Solution File, Format Version 12.00
# Visual Studio 15
VisualStudioVersion = 15.0.28307.271
MinimumVisualStudioVersion = 10.0.40219.1
Project("{FAE04EC0-301F-11D3-BF4B-00C04F79EFBC}") = "TheOthers", "TheOthers\TheOthers.csproj", "{3FC5A72A-C453-4622-B487-5192E23938B6}"
EndProject
Project("{FAE04EC0-301F-11D3-BF4B-00C04F79EFBC}") = "TheOthers.UnitTests", "TheOthers.UnitTests\TheOthers.UnitTests.csproj", "{8B721697-C394-4831-9E17-63E792BCB3D0}"
EndProject
Project("{FAE04EC0-301F-11D3-BF4B-00C04F79EFBC}") = "TheOthers.Mvc", "TheOthers.Mvc\TheOthers.Mvc.csproj", "{FA89DFC7-8C5A-4B0F-A0D2-DCB35C17D83E}"
EndProject
Project("{FAE04EC0-301F-11D3-BF4B-00C04F79EFBC}") = "TheOthers.MvcSample", "TheOthers.MvcSample\TheOthers.MvcSample.csproj", "{DB853760-20CB-4C71-A138-511843A14ECE}"
EndProject
Global
	GlobalSection(SolutionConfigurationPlatforms) = preSolution
		Debug|Any CPU = Debug|Any CPU
		Release|Any CPU = Release|Any CPU
	EndGlobalSection
	GlobalSection(ProjectConfigurationPlatforms) = postSolution
		{3FC5A72A-C453-4622-B487-5192E23938B6}.Debug|Any CPU.ActiveCfg = Debug|Any CPU
		{3FC5A72A-C453-4622-B487-5192E23938B6}.Debug|Any CPU.Build.0 = Debug|Any CPU
		{3FC5A72A-C453-4622-B487-5192E23938B6}.Release|Any CPU.ActiveCfg = Release|Any CPU
		{3FC5A72A-C453-4622-B487-5192E23938B6}.Release|Any CPU.Build.0 = Release|Any CPU
		{8B721697-C394-4831-9E17-63E792BCB3D0}.Debug|Any CPU.ActiveCfg = Debug|Any CPU
		{8B721697-C394-4831-9E17-63E792BCB3D0}.Debug|Any CPU.Build.0 = Debug|Any CPU
		{8B721697-C394-4831-9E17-63E792BCB3D0}.Release|Any CPU.ActiveCfg = Release|Any CPU
		{8B721697-C394-4831-9E17-63E792BCB3D0}.Release|Any CPU.Build.0 = Release|Any CPU
		{FA89DFC7-8C5A-4B0F-A0D2-DCB35C17D83E}.Debug|Any CPU.ActiveCfg = Debug|Any CPU
		{FA89DFC7-8C5A-4B0F-A0D2-DCB35C17D83E}.Debug|Any CPU.Build.0 = Debug|Any CPU
		{FA89DFC7-8C5A-4B0F-A0D2-DCB35C17D83E}.Release|Any CPU.ActiveCfg = Release|Any CPU
		{FA89DFC7-8C5A-4B0F-A0D2-DCB35C17D83E}.Release|Any CPU.Build.0 = Release|Any CPU
		{DB853760-20CB-4C71-A138-511843A14ECE}.Debug|Any CPU.ActiveCfg = Debug|Any CPU
		{DB853760-20CB-4C71-A138-511843A14ECE}.Debug|Any CPU.Build.0 = Debug|Any CPU
		{DB853760-20CB-4C71-A138-511843A14ECE}.Release|Any CPU.ActiveCfg = Release|Any CPU
		{DB853760-20CB-4C71-A138-511843A14ECE}.Release|Any CPU.Build.0 = Release|Any CPU
	EndGlobalSection
	GlobalSection(SolutionProperties) = preSolution
		HideSolutionNode = FALSE
	EndGlobalSection
	GlobalSection(ExtensibilityGlobals) = postSolution
		SolutionGuid = {612AB426-654D-4B26-AD72-9B00BD0EE532}
	EndGlobalSection
	GlobalSection(MonoDevelopProperties) = preSolution
		StartupItem = TheOthers.MvcSample\TheOthers.MvcSample.csproj
	EndGlobalSection
EndGlobal
